
Microsoft Visual Studio Solution File, Format Version 12.00
# Visual Studio Version 17
VisualStudioVersion = 17.14.37216.2 d17.14
MinimumVisualStudioVersion = 10.0.40219.1
Project("{FAE04EC0-301F-11D3-BF4B-00C04F79EFBC}") = "ITIMVCSECPROJ", "ITIMVCSECPROJ\ITIMVCSECPROJ.csproj", "{1FC72304-4C30-4592-B58C-C147BD2DB29C}"
EndProject
Global
	GlobalSection(SolutionConfigurationPlatforms) = preSolution
		Debug|Any CPU = Debug|Any CPU
		Release|Any CPU = Release|Any CPU
	EndGlobalSection
	GlobalSection(ProjectConfigurationPlatforms) = postSolution
		{1FC72304-4C30-4592-B58C-C147BD2DB29C}.Debug|Any CPU.ActiveCfg = Debug|Any CPU
		{1FC72304-4C30-4592-B58C-C147BD2DB29C}.Debug|Any CPU.Build.0 = Debug|Any CPU
		{1FC72304-4C30-4592-B58C-C147BD2DB29C}.Release|Any CPU.ActiveCfg = Release|Any CPU
		{1FC72304-4C30-4592-B58C-C147BD2DB29C}.Release|Any CPU.Build.0 = Release|Any CPU
	EndGlobalSection
	GlobalSection(SolutionProperties) = preSolution
		HideSolutionNode = FALSE
	EndGlobalSection
	GlobalSection(ExtensibilityGlobals) = postSolution
		SolutionGuid = {46BC9435-E0E7-4321-8A14-38EEC544BAC4}
	EndGlobalSection
EndGlobal
